
Microsoft Visual Studio Solution File, Format Version 12.00
# Visual Studio 15
VisualStudioVersion = 15.0.28307.757
MinimumVisualStudioVersion = 10.0.40219.1
Project("{FAE04EC0-301F-11D3-BF4B-00C04F79EFBC}") = "WebApplication2", "WebApplication2\WebApplication2.csproj", "{37D45237-2CBB-47B5-A1B2-0B28CE62D79A}"
EndProject
Project("{FAE04EC0-301F-11D3-BF4B-00C04F79EFBC}") = "novo", "novo\novo.csproj", "{944F368C-7A0B-4A48-A890-76E42DC67662}"
EndProject
Project("{FAE04EC0-301F-11D3-BF4B-00C04F79EFBC}") = "AtividadeAvaliativa_PrimeiroB", "AtividadeAvaliativa_PrimeiroB\AtividadeAvaliativa_PrimeiroB.csproj", "{D2095517-C3DC-4CF9-8E06-0490DC0BFA8C}"
EndProject
Project("{FAE04EC0-301F-11D3-BF4B-00C04F79EFBC}") = "Exercicio_12_09_19", "Exercicio_12_09_19\Exercicio_12_09_19.csproj", "{3EFF8E61-B268-40A1-98D0-1EC0CBD72894}"
EndProject
Project("{FAE04EC0-301F-11D3-BF4B-00C04F79EFBC}") = "Caixa", "Bimestral_PrimeiroB\Caixa.csproj", "{4ACFA584-9891-45E3-A049-F39B752AA4FF}"
EndProject
Project("{FAE04EC0-301F-11D3-BF4B-00C04F79EFBC}") = "ProvaBimestral", "ProvaBimestral\ProvaBimestral.csproj", "{403D216C-2288-41D0-8725-30CC14558FE4}"
EndProject
Project("{FAE04EC0-301F-11D3-BF4B-00C04F79EFBC}") = "Exercicio_17_10_19", "Exercicio_17_10_19\Exercicio_17_10_19.csproj", "{23E6CCDE-FBCC-4224-85AC-F03CEBBA231C}"
EndProject
Project("{FAE04EC0-301F-11D3-BF4B-00C04F79EFBC}") = "AgendaVirtual", "AgendaVirtual\AgendaVirtual.csproj", "{20F650D6-4EFF-48AC-8D18-C9CED4F4BF15}"
EndProject
Project("{FAE04EC0-301F-11D3-BF4B-00C04F79EFBC}") = "MVC_WebServices", "MVC_WebServices\MVC_WebServices.csproj", "{54D3BBE1-859A-4655-A243-D5F683A4CD56}"
EndProject
Global
	GlobalSection(SolutionConfigurationPlatforms) = preSolution
		Debug|Any CPU = Debug|Any CPU
		Release|Any CPU = Release|Any CPU
	EndGlobalSection
	GlobalSection(ProjectConfigurationPlatforms) = postSolution
		{37D45237-2CBB-47B5-A1B2-0B28CE62D79A}.Debug|Any CPU.ActiveCfg = Debug|Any CPU
		{37D45237-2CBB-47B5-A1B2-0B28CE62D79A}.Debug|Any CPU.Build.0 = Debug|Any CPU
		{37D45237-2CBB-47B5-A1B2-0B28CE62D79A}.Release|Any CPU.ActiveCfg = Release|Any CPU
		{37D45237-2CBB-47B5-A1B2-0B28CE62D79A}.Release|Any CPU.Build.0 = Release|Any CPU
		{944F368C-7A0B-4A48-A890-76E42DC67662}.Debug|Any CPU.ActiveCfg = Debug|Any CPU
		{944F368C-7A0B-4A48-A890-76E42DC67662}.Debug|Any CPU.Build.0 = Debug|Any CPU
		{944F368C-7A0B-4A48-A890-76E42DC67662}.Release|Any CPU.ActiveCfg = Release|Any CPU
		{944F368C-7A0B-4A48-A890-76E42DC67662}.Release|Any CPU.Build.0 = Release|Any CPU
		{D2095517-C3DC-4CF9-8E06-0490DC0BFA8C}.Debug|Any CPU.ActiveCfg = Debug|Any CPU
		{D2095517-C3DC-4CF9-8E06-0490DC0BFA8C}.Debug|Any CPU.Build.0 = Debug|Any CPU
		{D2095517-C3DC-4CF9-8E06-0490DC0BFA8C}.Release|Any CPU.ActiveCfg = Release|Any CPU
		{D2095517-C3DC-4CF9-8E06-0490DC0BFA8C}.Release|Any CPU.Build.0 = Release|Any CPU
		{3EFF8E61-B268-40A1-98D0-1EC0CBD72894}.Debug|Any CPU.ActiveCfg = Debug|Any CPU
		{3EFF8E61-B268-40A1-98D0-1EC0CBD72894}.Debug|Any CPU.Build.0 = Debug|Any CPU
		{3EFF8E61-B268-40A1-98D0-1EC0CBD72894}.Release|Any CPU.ActiveCfg = Release|Any CPU
		{3EFF8E61-B268-40A1-98D0-1EC0CBD72894}.Release|Any CPU.Build.0 = Release|Any CPU
		{4ACFA584-9891-45E3-A049-F39B752AA4FF}.Debug|Any CPU.ActiveCfg = Debug|Any CPU
		{4ACFA584-9891-45E3-A049-F39B752AA4FF}.Debug|Any CPU.Build.0 = Debug|Any CPU
		{4ACFA584-9891-45E3-A049-F39B752AA4FF}.Release|Any CPU.ActiveCfg = Release|Any CPU
		{4ACFA584-9891-45E3-A049-F39B752AA4FF}.Release|Any CPU.Build.0 = Release|Any CPU
		{403D216C-2288-41D0-8725-30CC14558FE4}.Debug|Any CPU.ActiveCfg = Debug|Any CPU
		{403D216C-2288-41D0-8725-30CC14558FE4}.Debug|Any CPU.Build.0 = Debug|Any CPU
		{403D216C-2288-41D0-8725-30CC14558FE4}.Release|Any CPU.ActiveCfg = Release|Any CPU
		{403D216C-2288-41D0-8725-30CC14558FE4}.Release|Any CPU.Build.0 = Release|Any CPU
		{23E6CCDE-FBCC-4224-85AC-F03CEBBA231C}.Debug|Any CPU.ActiveCfg = Debug|Any CPU
		{23E6CCDE-FBCC-4224-85AC-F03CEBBA231C}.Debug|Any CPU.Build.0 = Debug|Any CPU
		{23E6CCDE-FBCC-4224-85AC-F03CEBBA231C}.Release|Any CPU.ActiveCfg = Release|Any CPU
		{23E6CCDE-FBCC-4224-85AC-F03CEBBA231C}.Release|Any CPU.Build.0 = Release|Any CPU
		{20F650D6-4EFF-48AC-8D18-C9CED4F4BF15}.Debug|Any CPU.ActiveCfg = Debug|Any CPU
		{20F650D6-4EFF-48AC-8D18-C9CED4F4BF15}.Debug|Any CPU.Build.0 = Debug|Any CPU
		{20F650D6-4EFF-48AC-8D18-C9CED4F4BF15}.Release|Any CPU.ActiveCfg = Release|Any CPU
		{20F650D6-4EFF-48AC-8D18-C9CED4F4BF15}.Release|Any CPU.Build.0 = Release|Any CPU
		{54D3BBE1-859A-4655-A243-D5F683A4CD56}.Debug|Any CPU.ActiveCfg = Debug|Any CPU
		{54D3BBE1-859A-4655-A243-D5F683A4CD56}.Debug|Any CPU.Build.0 = Debug|Any CPU
		{54D3BBE1-859A-4655-A243-D5F683A4CD56}.Release|Any CPU.ActiveCfg = Release|Any CPU
		{54D3BBE1-859A-4655-A243-D5F683A4CD56}.Release|Any CPU.Build.0 = Release|Any CPU
	EndGlobalSection
	GlobalSection(SolutionProperties) = preSolution
		HideSolutionNode = FALSE
	EndGlobalSection
	GlobalSection(ExtensibilityGlobals) = postSolution
		SolutionGuid = {EE7E2A31-3953-4136-8C7E-11BD1C70489E}
	EndGlobalSection
EndGlobal
